{
  "name": "toris-format",
  "version": "1.7.24",
  "lockfileVersion": 1,
  "requires": true,
  "dependencies": {
    "bluebird": {
      "version": "3.5.3",
      "resolved": "https://registry.npmjs.org/bluebird/-/bluebird-3.5.3.tgz",
      "integrity": "sha512-/qKPUQlaW1OyR51WeCPBvRnAlnZFUJkCSG5HzGnuIqhgyJtF+T94lFnn33eiazjRm2LAHVy2guNnaq48X9SJuw=="
    },
    "color-print": {
      "version": "1.0.2",
      "resolved": "https://registry.npmjs.org/color-print/-/color-print-1.0.2.tgz",
      "integrity": "sha1-TuZ3L/VUp1KSSBvJdYBK5u1j+Qg="
    },
    "fs-process": {
      "version": "1.0.1",
      "resolved": "https://registry.npmjs.org/fs-process/-/fs-process-1.0.1.tgz",
      "integrity": "sha1-OZ4BvD0SCxE1FoA9IkjGRKmz6Ok=",
      "requires": {
        "bluebird": "^3.4.7",
        "color-print": "^1.0.1"
      }
    },
    "minimist": {
      "version": "1.2.5",
      "resolved": "https://registry.npmjs.org/minimist/-/minimist-1.2.5.tgz",
      "integrity": "sha512-FM9nNUYrRBAELZQT3xeZQ7fmMOBg6nWNmJKTcgsJeaLstP/UODVpGsr5OhXhhXg6f+qtJ8uiZ+PUxkDWcgIXLw==",
      "dev": true
    }
  }
}
