# THIS IS AN AUTOGENERATED FILE. DO NOT EDIT THIS FILE DIRECTLY.
# yarn lockfile v1


"bluebird@^3.4.7":
  "integrity" "sha512-/qKPUQlaW1OyR51WeCPBvRnAlnZFUJkCSG5HzGnuIqhgyJtF+T94lFnn33eiazjRm2LAHVy2guNnaq48X9SJuw=="
  "resolved" "https://registry.npmjs.org/bluebird/-/bluebird-3.5.3.tgz"
  "version" "3.5.3"

"color-print@^1.0.1", "color-print@^1.0.2":
  "integrity" "sha1-TuZ3L/VUp1KSSBvJdYBK5u1j+Qg="
  "resolved" "https://registry.npmjs.org/color-print/-/color-print-1.0.2.tgz"
  "version" "1.0.2"

"fs-process@^1.0.1":
  "integrity" "sha1-OZ4BvD0SCxE1FoA9IkjGRKmz6Ok="
  "resolved" "https://registry.npmjs.org/fs-process/-/fs-process-1.0.1.tgz"
  "version" "1.0.1"
  dependencies:
    "bluebird" "^3.4.7"
    "color-print" "^1.0.1"

"minimist@^1.2.5":
  "integrity" "sha512-Jsjnk4bw3YJqYzbdyBiNsPWHPfO++UGG749Cxs6peCu5Xg4nrena6OVxOYxrQTqww0Jmwt+Ref8rggumkTLz9Q=="
  "resolved" "https://registry.npmjs.org/minimist/-/minimist-1.2.6.tgz"
  "version" "1.2.6"
